
Microsoft Visual Studio Solution File, Format Version 12.00
# Visual Studio Version 17
VisualStudioVersion = 17.9.34723.18
MinimumVisualStudioVersion = 10.0.40219.1
Project("{9A19103F-16F7-4668-BE54-9A1E7A4F7556}") = "EventManagementApp.UI", "EventManagementApp.UI\EventManagementApp.UI.csproj", "{F0E27CD9-7C35-4BB5-B3FE-0F0373F72C5E}"
EndProject
Project("{9A19103F-16F7-4668-BE54-9A1E7A4F7556}") = "EventManagementApp.Business", "EventManagementApp.Business\EventManagementApp.Business.csproj", "{2627C900-917F-44CA-9062-37B9EFF28B41}"
EndProject
Project("{9A19103F-16F7-4668-BE54-9A1E7A4F7556}") = "EventManagementApp.Data", "EventManagementApp.Data\EventManagementApp.Data.csproj", "{977A966D-FF37-4BF5-8981-F0DC3628BFAE}"
EndProject
Project("{9A19103F-16F7-4668-BE54-9A1E7A4F7556}") = "EventManagementApp.Core", "EventManagementApp.Core\EventManagementApp.Core.csproj", "{9A65F7B3-EDDF-4283-9524-765A77CB4B0C}"
EndProject
Global
	GlobalSection(SolutionConfigurationPlatforms) = preSolution
		Debug|Any CPU = Debug|Any CPU
		Release|Any CPU = Release|Any CPU
	EndGlobalSection
	GlobalSection(ProjectConfigurationPlatforms) = postSolution
		{F0E27CD9-7C35-4BB5-B3FE-0F0373F72C5E}.Debug|Any CPU.ActiveCfg = Debug|Any CPU
		{F0E27CD9-7C35-4BB5-B3FE-0F0373F72C5E}.Debug|Any CPU.Build.0 = Debug|Any CPU
		{F0E27CD9-7C35-4BB5-B3FE-0F0373F72C5E}.Release|Any CPU.ActiveCfg = Release|Any CPU
		{F0E27CD9-7C35-4BB5-B3FE-0F0373F72C5E}.Release|Any CPU.Build.0 = Release|Any CPU
		{2627C900-917F-44CA-9062-37B9EFF28B41}.Debug|Any CPU.ActiveCfg = Debug|Any CPU
		{2627C900-917F-44CA-9062-37B9EFF28B41}.Debug|Any CPU.Build.0 = Debug|Any CPU
		{2627C900-917F-44CA-9062-37B9EFF28B41}.Release|Any CPU.ActiveCfg = Release|Any CPU
		{2627C900-917F-44CA-9062-37B9EFF28B41}.Release|Any CPU.Build.0 = Release|Any CPU
		{977A966D-FF37-4BF5-8981-F0DC3628BFAE}.Debug|Any CPU.ActiveCfg = Debug|Any CPU
		{977A966D-FF37-4BF5-8981-F0DC3628BFAE}.Debug|Any CPU.Build.0 = Debug|Any CPU
		{977A966D-FF37-4BF5-8981-F0DC3628BFAE}.Release|Any CPU.ActiveCfg = Release|Any CPU
		{977A966D-FF37-4BF5-8981-F0DC3628BFAE}.Release|Any CPU.Build.0 = Release|Any CPU
		{9A65F7B3-EDDF-4283-9524-765A77CB4B0C}.Debug|Any CPU.ActiveCfg = Debug|Any CPU
		{9A65F7B3-EDDF-4283-9524-765A77CB4B0C}.Debug|Any CPU.Build.0 = Debug|Any CPU
		{9A65F7B3-EDDF-4283-9524-765A77CB4B0C}.Release|Any CPU.ActiveCfg = Release|Any CPU
		{9A65F7B3-EDDF-4283-9524-765A77CB4B0C}.Release|Any CPU.Build.0 = Release|Any CPU
	EndGlobalSection
	GlobalSection(SolutionProperties) = preSolution
		HideSolutionNode = FALSE
	EndGlobalSection
	GlobalSection(ExtensibilityGlobals) = postSolution
		SolutionGuid = {EE62E4F2-2F65-4D09-8208-E5B27D8180F9}
	EndGlobalSection
EndGlobal
